
Microsoft Visual Studio Solution File, Format Version 12.00
# Visual Studio Version 17
VisualStudioVersion = 17.8.34511.84
MinimumVisualStudioVersion = 10.0.40219.1
Project("{FAE04EC0-301F-11D3-BF4B-00C04F79EFBC}") = "ConsoleApp3", "ConsoleApp3\ConsoleApp3.csproj", "{B6F14E8B-7E07-4FB7-90B6-7F8B571C2112}"
EndProject
Global
	GlobalSection(SolutionConfigurationPlatforms) = preSolution
		Debug|Any CPU = Debug|Any CPU
		Release|Any CPU = Release|Any CPU
	EndGlobalSection
	GlobalSection(ProjectConfigurationPlatforms) = postSolution
		{B6F14E8B-7E07-4FB7-90B6-7F8B571C2112}.Debug|Any CPU.ActiveCfg = Debug|Any CPU
		{B6F14E8B-7E07-4FB7-90B6-7F8B571C2112}.Debug|Any CPU.Build.0 = Debug|Any CPU
		{B6F14E8B-7E07-4FB7-90B6-7F8B571C2112}.Release|Any CPU.ActiveCfg = Release|Any CPU
		{B6F14E8B-7E07-4FB7-90B6-7F8B571C2112}.Release|Any CPU.Build.0 = Release|Any CPU
	EndGlobalSection
	GlobalSection(SolutionProperties) = preSolution
		HideSolutionNode = FALSE
	EndGlobalSection
	GlobalSection(ExtensibilityGlobals) = postSolution
		SolutionGuid = {3EC6CCEA-6BE6-47B2-9056-C27C735BB8E2}
	EndGlobalSection
EndGlobal
